// !$*UTF8*$!
{
	archiveVersion = 1;
	classes = {
	};
	objectVersion = 45;
	objects = {

/* Begin PBXBuildFile section */
		8DD76F9A0486AA7600D96B5E /* pushutil.m in Sources */ = {isa = PBXBuildFile; fileRef = 08FB7796FE84155DC02AAC07 /* pushutil.m */; settings = {ATTRIBUTES = (); }; };
		8DD76F9C0486AA7600D96B5E /* Foundation.framework in Frameworks */ = {isa = PBXBuildFile; fileRef = 08FB779EFE84155DC02AAC07 /* Foundation.framework */; };
		8EBACDB10F9795D2008FF9E7 /* CoreData.framework in Frameworks */ = {isa = PBXBuildFile; fileRef = 8EBACDB00F9795D2008FF9E7 /* CoreData.framework */; };
		8EBACE4A0F9795F0008FF9E7 /* Security.framework in Frameworks */ = {isa = PBXBuildFile; fileRef = 8EBACE490F9795F0008FF9E7 /* Security.framework */; };
		8EBACE940F979605008FF9E7 /* ioSock.c in Sources */ = {isa = PBXBuildFile; fileRef = 8EBACE900F979605008FF9E7 /* ioSock.c */; };
		8EBACE950F979605008FF9E7 /* JSONHelper.m in Sources */ = {isa = PBXBuildFile; fileRef = 8EBACE930F979605008FF9E7 /* JSONHelper.m */; };
		8EBACE980F97960D008FF9E7 /* APNSHelper.m in Sources */ = {isa = PBXBuildFile; fileRef = 8EBACE960F97960D008FF9E7 /* APNSHelper.m */; };
/* End PBXBuildFile section */

/* Begin PBXCopyFilesBuildPhase section */
		8DD76F9E0486AA7600D96B5E /* CopyFiles */ = {
			isa = PBXCopyFilesBuildPhase;
			buildActionMask = 8;
			dstPath = /usr/share/man/man1/;
			dstSubfolderSpec = 0;
			files = (
			);
			runOnlyForDeploymentPostprocessing = 1;
		};
/* End PBXCopyFilesBuildPhase section */

/* Begin PBXFileReference section */
		08FB7796FE84155DC02AAC07 /* pushutil.m */ = {isa = PBXFileReference; fileEncoding = 4; lastKnownFileType = sourcecode.c.objc; path = pushutil.m; sourceTree = "<group>"; };
		08FB779EFE84155DC02AAC07 /* Foundation.framework */ = {isa = PBXFileReference; lastKnownFileType = wrapper.framework; name = Foundation.framework; path = /System/Library/Frameworks/Foundation.framework; sourceTree = "<absolute>"; };
		32A70AAB03705E1F00C91783 /* pushutil_Prefix.pch */ = {isa = PBXFileReference; fileEncoding = 4; lastKnownFileType = sourcecode.c.h; path = pushutil_Prefix.pch; sourceTree = "<group>"; };
		8DD76FA10486AA7600D96B5E /* pushutil */ = {isa = PBXFileReference; explicitFileType = "compiled.mach-o.executable"; includeInIndex = 0; path = pushutil; sourceTree = BUILT_PRODUCTS_DIR; };
		8EBACDB00F9795D2008FF9E7 /* CoreData.framework */ = {isa = PBXFileReference; lastKnownFileType = wrapper.framework; name = CoreData.framework; path = /System/Library/Frameworks/CoreData.framework; sourceTree = "<absolute>"; };
		8EBACE490F9795F0008FF9E7 /* Security.framework */ = {isa = PBXFileReference; lastKnownFileType = wrapper.framework; name = Security.framework; path = /System/Library/Frameworks/Security.framework; sourceTree = "<absolute>"; };
		8EBACE900F979605008FF9E7 /* ioSock.c */ = {isa = PBXFileReference; fileEncoding = 4; lastKnownFileType = sourcecode.c.c; path = ioSock.c; sourceTree = "<group>"; };
		8EBACE910F979605008FF9E7 /* ioSock.h */ = {isa = PBXFileReference; fileEncoding = 4; lastKnownFileType = sourcecode.c.h; path = ioSock.h; sourceTree = "<group>"; };
		8EBACE920F979605008FF9E7 /* JSONHelper.h */ = {isa = PBXFileReference; fileEncoding = 4; lastKnownFileType = sourcecode.c.h; path = JSONHelper.h; sourceTree = "<group>"; };
		8EBACE930F979605008FF9E7 /* JSONHelper.m */ = {isa = PBXFileReference; fileEncoding = 4; lastKnownFileType = sourcecode.c.objc; path = JSONHelper.m; sourceTree = "<group>"; };
		8EBACE960F97960D008FF9E7 /* APNSHelper.m */ = {isa = PBXFileReference; fileEncoding = 4; lastKnownFileType = sourcecode.c.objc; path = APNSHelper.m; sourceTree = "<group>"; };
		8EBACE970F97960D008FF9E7 /* APNSHelper.h */ = {isa = PBXFileReference; fileEncoding = 4; lastKnownFileType = sourcecode.c.h; path = APNSHelper.h; sourceTree = "<group>"; };
/* End PBXFileReference section */

/* Begin PBXFrameworksBuildPhase section */
		8DD76F9B0486AA7600D96B5E /* Frameworks */ = {
			isa = PBXFrameworksBuildPhase;
			buildActionMask = 2147483647;
			files = (
				8DD76F9C0486AA7600D96B5E /* Foundation.framework in Frameworks */,
				8EBACDB10F9795D2008FF9E7 /* CoreData.framework in Frameworks */,
				8EBACE4A0F9795F0008FF9E7 /* Security.framework in Frameworks */,
			);
			runOnlyForDeploymentPostprocessing = 0;
		};
/* End PBXFrameworksBuildPhase section */

/* Begin PBXGroup section */
		08FB7794FE84155DC02AAC07 /* pushutil */ = {
			isa = PBXGroup;
			children = (
				08FB7796FE84155DC02AAC07 /* pushutil.m */,
				8EBACE960F97960D008FF9E7 /* APNSHelper.m */,
				8EBACE970F97960D008FF9E7 /* APNSHelper.h */,
				8EBACE900F979605008FF9E7 /* ioSock.c */,
				8EBACE910F979605008FF9E7 /* ioSock.h */,
				8EBACE920F979605008FF9E7 /* JSONHelper.h */,
				8EBACE930F979605008FF9E7 /* JSONHelper.m */,
				32A70AAB03705E1F00C91783 /* pushutil_Prefix.pch */,
				08FB779DFE84155DC02AAC07 /* External Frameworks and Libraries */,
				1AB674ADFE9D54B511CA2CBB /* Products */,
			);
			name = pushutil;
			sourceTree = "<group>";
		};
		08FB779DFE84155DC02AAC07 /* External Frameworks and Libraries */ = {
			isa = PBXGroup;
			children = (
				08FB779EFE84155DC02AAC07 /* Foundation.framework */,
				8EBACDB00F9795D2008FF9E7 /* CoreData.framework */,
				8EBACE490F9795F0008FF9E7 /* Security.framework */,
			);
			name = "External Frameworks and Libraries";
			sourceTree = "<group>";
		};
		1AB674ADFE9D54B511CA2CBB /* Products */ = {
			isa = PBXGroup;
			children = (
				8DD76FA10486AA7600D96B5E /* pushutil */,
			);
			name = Products;
			sourceTree = "<group>";
		};
/* End PBXGroup section */

/* Begin PBXNativeTarget section */
		8DD76F960486AA7600D96B5E /* pushutil */ = {
			isa = PBXNativeTarget;
			buildConfigurationList = 1DEB927408733DD40010E9CD /* Build configuration list for PBXNativeTarget "pushutil" */;
			buildPhases = (
				8DD76F990486AA7600D96B5E /* Sources */,
				8DD76F9B0486AA7600D96B5E /* Frameworks */,
				8DD76F9E0486AA7600D96B5E /* CopyFiles */,
			);
			buildRules = (
			);
			dependencies = (
			);
			name = pushutil;
			productInstallPath = "$(HOME)/bin";
			productName = pushutil;
			productReference = 8DD76FA10486AA7600D96B5E /* pushutil */;
			productType = "com.apple.product-type.tool";
		};
/* End PBXNativeTarget section */

/* Begin PBXProject section */
		08FB7793FE84155DC02AAC07 /* Project object */ = {
			isa = PBXProject;
			buildConfigurationList = 1DEB927808733DD40010E9CD /* Build configuration list for PBXProject "pushutil" */;
			compatibilityVersion = "Xcode 3.1";
			hasScannedForEncodings = 1;
			mainGroup = 08FB7794FE84155DC02AAC07 /* pushutil */;
			projectDirPath = "";
			projectRoot = "";
			targets = (
				8DD76F960486AA7600D96B5E /* pushutil */,
			);
		};
/* End PBXProject section */

/* Begin PBXSourcesBuildPhase section */
		8DD76F990486AA7600D96B5E /* Sources */ = {
			isa = PBXSourcesBuildPhase;
			buildActionMask = 2147483647;
			files = (
				8DD76F9A0486AA7600D96B5E /* pushutil.m in Sources */,
				8EBACE940F979605008FF9E7 /* ioSock.c in Sources */,
				8EBACE950F979605008FF9E7 /* JSONHelper.m in Sources */,
				8EBACE980F97960D008FF9E7 /* APNSHelper.m in Sources */,
			);
			runOnlyForDeploymentPostprocessing = 0;
		};
/* End PBXSourcesBuildPhase section */

/* Begin XCBuildConfiguration section */
		1DEB927508733DD40010E9CD /* Debug */ = {
			isa = XCBuildConfiguration;
			buildSettings = {
				ALWAYS_SEARCH_USER_PATHS = NO;
				COPY_PHASE_STRIP = NO;
				GCC_DYNAMIC_NO_PIC = NO;
				GCC_ENABLE_FIX_AND_CONTINUE = YES;
				GCC_MODEL_TUNING = G5;
				GCC_OPTIMIZATION_LEVEL = 0;
				GCC_PRECOMPILE_PREFIX_HEADER = YES;
				GCC_PREFIX_HEADER = pushutil_Prefix.pch;
				INSTALL_PATH = /usr/local/bin;
				PRODUCT_NAME = pushutil;
			};
			name = Debug;
		};
		1DEB927608733DD40010E9CD /* Release */ = {
			isa = XCBuildConfiguration;
			buildSettings = {
				ALWAYS_SEARCH_USER_PATHS = NO;
				DEBUG_INFORMATION_FORMAT = "dwarf-with-dsym";
				GCC_MODEL_TUNING = G5;
				GCC_PRECOMPILE_PREFIX_HEADER = YES;
				GCC_PREFIX_HEADER = pushutil_Prefix.pch;
				INSTALL_PATH = /usr/local/bin;
				PRODUCT_NAME = pushutil;
			};
			name = Release;
		};
		1DEB927908733DD40010E9CD /* Debug */ = {
			isa = XCBuildConfiguration;
			buildSettings = {
				ARCHS = "$(ARCHS_STANDARD_32_BIT)";
				GCC_C_LANGUAGE_STANDARD = c99;
				GCC_OPTIMIZATION_LEVEL = 0;
				GCC_WARN_ABOUT_RETURN_TYPE = YES;
				GCC_WARN_UNUSED_VARIABLE = YES;
				ONLY_ACTIVE_ARCH = YES;
				PREBINDING = NO;
				SDKROOT = macosx10.5;
			};
			name = Debug;
		};
		1DEB927A08733DD40010E9CD /* Release */ = {
			isa = XCBuildConfiguration;
			buildSettings = {
				ARCHS = "$(ARCHS_STANDARD_32_BIT)";
				GCC_C_LANGUAGE_STANDARD = c99;
				GCC_WARN_ABOUT_RETURN_TYPE = YES;
				GCC_WARN_UNUSED_VARIABLE = YES;
				PREBINDING = NO;
				SDKROOT = macosx10.5;
			};
			name = Release;
		};
/* End XCBuildConfiguration section */

/* Begin XCConfigurationList section */
		1DEB927408733DD40010E9CD /* Build configuration list for PBXNativeTarget "pushutil" */ = {
			isa = XCConfigurationList;
			buildConfigurations = (
				1DEB927508733DD40010E9CD /* Debug */,
				1DEB927608733DD40010E9CD /* Release */,
			);
			defaultConfigurationIsVisible = 0;
			defaultConfigurationName = Release;
		};
		1DEB927808733DD40010E9CD /* Build configuration list for PBXProject "pushutil" */ = {
			isa = XCConfigurationList;
			buildConfigurations = (
				1DEB927908733DD40010E9CD /* Debug */,
				1DEB927A08733DD40010E9CD /* Release */,
			);
			defaultConfigurationIsVisible = 0;
			defaultConfigurationName = Release;
		};
/* End XCConfigurationList section */
	};
	rootObject = 08FB7793FE84155DC02AAC07 /* Project object */;
}
