// !$*UTF8*$!
{
	archiveVersion = 1;
	classes = {
	};
	objectVersion = 45;
	objects = {

/* Begin PBXBuildFile section */
		8DD76F9A0486AA7600D96B5E /* pushtweet.m in Sources */ = {isa = PBXBuildFile; fileRef = 08FB7796FE84155DC02AAC07 /* pushtweet.m */; settings = {ATTRIBUTES = (); }; };
		8DD76F9C0486AA7600D96B5E /* Foundation.framework in Frameworks */ = {isa = PBXBuildFile; fileRef = 08FB779EFE84155DC02AAC07 /* Foundation.framework */; };
		8E84CB9A0F8B01F000B83A2A /* TreeNode.m in Sources */ = {isa = PBXBuildFile; fileRef = 8E84CB990F8B01F000B83A2A /* TreeNode.m */; };
		8E84CBA40F8B027700B83A2A /* XMLParser.m in Sources */ = {isa = PBXBuildFile; fileRef = 8E84CBA30F8B027700B83A2A /* XMLParser.m */; };
		8E93E72F0F97B58900C3BC13 /* APNSHelper.m in Sources */ = {isa = PBXBuildFile; fileRef = 8E93E7290F97B58900C3BC13 /* APNSHelper.m */; };
		8E93E7300F97B58900C3BC13 /* ioSock.c in Sources */ = {isa = PBXBuildFile; fileRef = 8E93E72B0F97B58900C3BC13 /* ioSock.c */; };
		8E93E7310F97B58900C3BC13 /* JSONHelper.m in Sources */ = {isa = PBXBuildFile; fileRef = 8E93E72E0F97B58900C3BC13 /* JSONHelper.m */; };
		8E93E7400F97B75D00C3BC13 /* CoreData.framework in Frameworks */ = {isa = PBXBuildFile; fileRef = 8E93E73F0F97B75D00C3BC13 /* CoreData.framework */; };
		8E93E75A0F97B76200C3BC13 /* Security.framework in Frameworks */ = {isa = PBXBuildFile; fileRef = 8E93E7590F97B76200C3BC13 /* Security.framework */; };
/* End PBXBuildFile section */

/* Begin PBXCopyFilesBuildPhase section */
		8DD76F9E0486AA7600D96B5E /* CopyFiles */ = {
			isa = PBXCopyFilesBuildPhase;
			buildActionMask = 8;
			dstPath = /usr/share/man/man1/;
			dstSubfolderSpec = 0;
			files = (
			);
			runOnlyForDeploymentPostprocessing = 1;
		};
/* End PBXCopyFilesBuildPhase section */

/* Begin PBXFileReference section */
		08FB7796FE84155DC02AAC07 /* pushtweet.m */ = {isa = PBXFileReference; fileEncoding = 4; lastKnownFileType = sourcecode.c.objc; path = pushtweet.m; sourceTree = "<group>"; };
		08FB779EFE84155DC02AAC07 /* Foundation.framework */ = {isa = PBXFileReference; lastKnownFileType = wrapper.framework; name = Foundation.framework; path = /System/Library/Frameworks/Foundation.framework; sourceTree = "<absolute>"; };
		32A70AAB03705E1F00C91783 /* pushtweet_Prefix.pch */ = {isa = PBXFileReference; fileEncoding = 4; lastKnownFileType = sourcecode.c.h; path = pushtweet_Prefix.pch; sourceTree = "<group>"; };
		8DD76FA10486AA7600D96B5E /* pushtweet */ = {isa = PBXFileReference; explicitFileType = "compiled.mach-o.executable"; includeInIndex = 0; path = pushtweet; sourceTree = BUILT_PRODUCTS_DIR; };
		8E84CB980F8B01F000B83A2A /* TreeNode.h */ = {isa = PBXFileReference; fileEncoding = 4; lastKnownFileType = sourcecode.c.h; path = TreeNode.h; sourceTree = "<group>"; };
		8E84CB990F8B01F000B83A2A /* TreeNode.m */ = {isa = PBXFileReference; fileEncoding = 4; lastKnownFileType = sourcecode.c.objc; path = TreeNode.m; sourceTree = "<group>"; };
		8E84CBA20F8B027700B83A2A /* XMLParser.h */ = {isa = PBXFileReference; fileEncoding = 4; lastKnownFileType = sourcecode.c.h; path = XMLParser.h; sourceTree = "<group>"; };
		8E84CBA30F8B027700B83A2A /* XMLParser.m */ = {isa = PBXFileReference; fileEncoding = 4; lastKnownFileType = sourcecode.c.objc; path = XMLParser.m; sourceTree = "<group>"; };
		8E93E7290F97B58900C3BC13 /* APNSHelper.m */ = {isa = PBXFileReference; fileEncoding = 4; lastKnownFileType = sourcecode.c.objc; path = APNSHelper.m; sourceTree = "<group>"; };
		8E93E72A0F97B58900C3BC13 /* APNSHelper.h */ = {isa = PBXFileReference; fileEncoding = 4; lastKnownFileType = sourcecode.c.h; path = APNSHelper.h; sourceTree = "<group>"; };
		8E93E72B0F97B58900C3BC13 /* ioSock.c */ = {isa = PBXFileReference; fileEncoding = 4; lastKnownFileType = sourcecode.c.c; path = ioSock.c; sourceTree = "<group>"; };
		8E93E72C0F97B58900C3BC13 /* ioSock.h */ = {isa = PBXFileReference; fileEncoding = 4; lastKnownFileType = sourcecode.c.h; path = ioSock.h; sourceTree = "<group>"; };
		8E93E72D0F97B58900C3BC13 /* JSONHelper.h */ = {isa = PBXFileReference; fileEncoding = 4; lastKnownFileType = sourcecode.c.h; path = JSONHelper.h; sourceTree = "<group>"; };
		8E93E72E0F97B58900C3BC13 /* JSONHelper.m */ = {isa = PBXFileReference; fileEncoding = 4; lastKnownFileType = sourcecode.c.objc; path = JSONHelper.m; sourceTree = "<group>"; };
		8E93E73F0F97B75D00C3BC13 /* CoreData.framework */ = {isa = PBXFileReference; lastKnownFileType = wrapper.framework; name = CoreData.framework; path = /System/Library/Frameworks/CoreData.framework; sourceTree = "<absolute>"; };
		8E93E7590F97B76200C3BC13 /* Security.framework */ = {isa = PBXFileReference; lastKnownFileType = wrapper.framework; name = Security.framework; path = /System/Library/Frameworks/Security.framework; sourceTree = "<absolute>"; };
/* End PBXFileReference section */

/* Begin PBXFrameworksBuildPhase section */
		8DD76F9B0486AA7600D96B5E /* Frameworks */ = {
			isa = PBXFrameworksBuildPhase;
			buildActionMask = 2147483647;
			files = (
				8DD76F9C0486AA7600D96B5E /* Foundation.framework in Frameworks */,
				8E93E7400F97B75D00C3BC13 /* CoreData.framework in Frameworks */,
				8E93E75A0F97B76200C3BC13 /* Security.framework in Frameworks */,
			);
			runOnlyForDeploymentPostprocessing = 0;
		};
/* End PBXFrameworksBuildPhase section */

/* Begin PBXGroup section */
		08FB7794FE84155DC02AAC07 /* pushtweet */ = {
			isa = PBXGroup;
			children = (
				8E93E72A0F97B58900C3BC13 /* APNSHelper.h */,
				8E93E7290F97B58900C3BC13 /* APNSHelper.m */,
				8E93E72B0F97B58900C3BC13 /* ioSock.c */,
				8E93E72C0F97B58900C3BC13 /* ioSock.h */,
				8E93E72D0F97B58900C3BC13 /* JSONHelper.h */,
				8E93E72E0F97B58900C3BC13 /* JSONHelper.m */,
				08FB7796FE84155DC02AAC07 /* pushtweet.m */,
				32A70AAB03705E1F00C91783 /* pushtweet_Prefix.pch */,
				8E84CB980F8B01F000B83A2A /* TreeNode.h */,
				8E84CB990F8B01F000B83A2A /* TreeNode.m */,
				8E84CBA20F8B027700B83A2A /* XMLParser.h */,
				8E84CBA30F8B027700B83A2A /* XMLParser.m */,
				08FB779DFE84155DC02AAC07 /* External Frameworks and Libraries */,
				1AB674ADFE9D54B511CA2CBB /* Products */,
			);
			name = pushtweet;
			sourceTree = "<group>";
		};
		08FB779DFE84155DC02AAC07 /* External Frameworks and Libraries */ = {
			isa = PBXGroup;
			children = (
				8E93E7590F97B76200C3BC13 /* Security.framework */,
				8E93E73F0F97B75D00C3BC13 /* CoreData.framework */,
				08FB779EFE84155DC02AAC07 /* Foundation.framework */,
			);
			name = "External Frameworks and Libraries";
			sourceTree = "<group>";
		};
		1AB674ADFE9D54B511CA2CBB /* Products */ = {
			isa = PBXGroup;
			children = (
				8DD76FA10486AA7600D96B5E /* pushtweet */,
			);
			name = Products;
			sourceTree = "<group>";
		};
/* End PBXGroup section */

/* Begin PBXNativeTarget section */
		8DD76F960486AA7600D96B5E /* pushtweet */ = {
			isa = PBXNativeTarget;
			buildConfigurationList = 1DEB927408733DD40010E9CD /* Build configuration list for PBXNativeTarget "pushtweet" */;
			buildPhases = (
				8DD76F990486AA7600D96B5E /* Sources */,
				8DD76F9B0486AA7600D96B5E /* Frameworks */,
				8DD76F9E0486AA7600D96B5E /* CopyFiles */,
			);
			buildRules = (
			);
			dependencies = (
			);
			name = pushtweet;
			productInstallPath = "$(HOME)/bin";
			productName = pushtweet;
			productReference = 8DD76FA10486AA7600D96B5E /* pushtweet */;
			productType = "com.apple.product-type.tool";
		};
/* End PBXNativeTarget section */

/* Begin PBXProject section */
		08FB7793FE84155DC02AAC07 /* Project object */ = {
			isa = PBXProject;
			buildConfigurationList = 1DEB927808733DD40010E9CD /* Build configuration list for PBXProject "pushtweet" */;
			compatibilityVersion = "Xcode 3.1";
			hasScannedForEncodings = 1;
			mainGroup = 08FB7794FE84155DC02AAC07 /* pushtweet */;
			projectDirPath = "";
			projectRoot = "";
			targets = (
				8DD76F960486AA7600D96B5E /* pushtweet */,
			);
		};
/* End PBXProject section */

/* Begin PBXSourcesBuildPhase section */
		8DD76F990486AA7600D96B5E /* Sources */ = {
			isa = PBXSourcesBuildPhase;
			buildActionMask = 2147483647;
			files = (
				8DD76F9A0486AA7600D96B5E /* pushtweet.m in Sources */,
				8E84CB9A0F8B01F000B83A2A /* TreeNode.m in Sources */,
				8E84CBA40F8B027700B83A2A /* XMLParser.m in Sources */,
				8E93E72F0F97B58900C3BC13 /* APNSHelper.m in Sources */,
				8E93E7300F97B58900C3BC13 /* ioSock.c in Sources */,
				8E93E7310F97B58900C3BC13 /* JSONHelper.m in Sources */,
			);
			runOnlyForDeploymentPostprocessing = 0;
		};
/* End PBXSourcesBuildPhase section */

/* Begin XCBuildConfiguration section */
		1DEB927508733DD40010E9CD /* Debug */ = {
			isa = XCBuildConfiguration;
			buildSettings = {
				ALWAYS_SEARCH_USER_PATHS = NO;
				COPY_PHASE_STRIP = NO;
				GCC_DYNAMIC_NO_PIC = NO;
				GCC_ENABLE_FIX_AND_CONTINUE = YES;
				GCC_MODEL_TUNING = G5;
				GCC_OPTIMIZATION_LEVEL = 0;
				GCC_PRECOMPILE_PREFIX_HEADER = YES;
				GCC_PREFIX_HEADER = pushtweet_Prefix.pch;
				INSTALL_PATH = /usr/local/bin;
				PRODUCT_NAME = pushtweet;
			};
			name = Debug;
		};
		1DEB927608733DD40010E9CD /* Release */ = {
			isa = XCBuildConfiguration;
			buildSettings = {
				ALWAYS_SEARCH_USER_PATHS = NO;
				DEBUG_INFORMATION_FORMAT = "dwarf-with-dsym";
				GCC_MODEL_TUNING = G5;
				GCC_PRECOMPILE_PREFIX_HEADER = YES;
				GCC_PREFIX_HEADER = pushtweet_Prefix.pch;
				INSTALL_PATH = /usr/local/bin;
				PRODUCT_NAME = pushtweet;
			};
			name = Release;
		};
		1DEB927908733DD40010E9CD /* Debug */ = {
			isa = XCBuildConfiguration;
			buildSettings = {
				ARCHS = "$(ARCHS_STANDARD_32_BIT)";
				GCC_C_LANGUAGE_STANDARD = c99;
				GCC_OPTIMIZATION_LEVEL = 0;
				GCC_WARN_ABOUT_RETURN_TYPE = YES;
				GCC_WARN_UNUSED_VARIABLE = YES;
				ONLY_ACTIVE_ARCH = YES;
				PREBINDING = NO;
				SDKROOT = macosx10.5;
			};
			name = Debug;
		};
		1DEB927A08733DD40010E9CD /* Release */ = {
			isa = XCBuildConfiguration;
			buildSettings = {
				ARCHS = "$(ARCHS_STANDARD_32_BIT)";
				GCC_C_LANGUAGE_STANDARD = c99;
				GCC_WARN_ABOUT_RETURN_TYPE = YES;
				GCC_WARN_UNUSED_VARIABLE = YES;
				PREBINDING = NO;
				SDKROOT = macosx10.5;
			};
			name = Release;
		};
/* End XCBuildConfiguration section */

/* Begin XCConfigurationList section */
		1DEB927408733DD40010E9CD /* Build configuration list for PBXNativeTarget "pushtweet" */ = {
			isa = XCConfigurationList;
			buildConfigurations = (
				1DEB927508733DD40010E9CD /* Debug */,
				1DEB927608733DD40010E9CD /* Release */,
			);
			defaultConfigurationIsVisible = 0;
			defaultConfigurationName = Release;
		};
		1DEB927808733DD40010E9CD /* Build configuration list for PBXProject "pushtweet" */ = {
			isa = XCConfigurationList;
			buildConfigurations = (
				1DEB927908733DD40010E9CD /* Debug */,
				1DEB927A08733DD40010E9CD /* Release */,
			);
			defaultConfigurationIsVisible = 0;
			defaultConfigurationName = Release;
		};
/* End XCConfigurationList section */
	};
	rootObject = 08FB7793FE84155DC02AAC07 /* Project object */;
}
